
Microsoft Visual Studio Solution File, Format Version 12.00
# Visual Studio 15
VisualStudioVersion = 15.0.28010.2016
MinimumVisualStudioVersion = 10.0.40219.1
Project("{FAE04EC0-301F-11D3-BF4B-00C04F79EFBC}") = "Chargeon", "E4-Chargeon\Chargeon.csproj", "{BB79D667-7097-4E6B-BA21-E968DB9AAABF}"
EndProject
Global
	GlobalSection(SolutionConfigurationPlatforms) = preSolution
		Debug|Any CPU = Debug|Any CPU
		Release|Any CPU = Release|Any CPU
	EndGlobalSection
	GlobalSection(ProjectConfigurationPlatforms) = postSolution
		{BB79D667-7097-4E6B-BA21-E968DB9AAABF}.Debug|Any CPU.ActiveCfg = Debug|Any CPU
		{BB79D667-7097-4E6B-BA21-E968DB9AAABF}.Debug|Any CPU.Build.0 = Debug|Any CPU
		{BB79D667-7097-4E6B-BA21-E968DB9AAABF}.Release|Any CPU.ActiveCfg = Release|Any CPU
		{BB79D667-7097-4E6B-BA21-E968DB9AAABF}.Release|Any CPU.Build.0 = Release|Any CPU
	EndGlobalSection
	GlobalSection(SolutionProperties) = preSolution
		HideSolutionNode = FALSE
	EndGlobalSection
	GlobalSection(ExtensibilityGlobals) = postSolution
		SolutionGuid = {BA0EDE63-3400-4398-AFD2-342EDB711C54}
	EndGlobalSection
EndGlobal
